
Microsoft Visual Studio Solution File, Format Version 12.00
# Visual Studio Version 17
VisualStudioVersion = 17.9.34728.123
MinimumVisualStudioVersion = 10.0.40219.1
Project("{D2ABAB84-BF74-430A-B69E-9DC6D40DDA17}") = "Terrorism SSAS", "Terrorism SSAS\Terrorism SSAS.dwproj", "{0B59B046-FBAF-4335-81E5-39E2494D6695}"
EndProject
Global
	GlobalSection(SolutionConfigurationPlatforms) = preSolution
		Development|Default = Development|Default
	EndGlobalSection
	GlobalSection(ProjectConfigurationPlatforms) = postSolution
		{0B59B046-FBAF-4335-81E5-39E2494D6695}.Development|Default.ActiveCfg = Development
		{0B59B046-FBAF-4335-81E5-39E2494D6695}.Development|Default.Build.0 = Development
		{0B59B046-FBAF-4335-81E5-39E2494D6695}.Development|Default.Deploy.0 = Development
	EndGlobalSection
	GlobalSection(SolutionProperties) = preSolution
		HideSolutionNode = FALSE
	EndGlobalSection
	GlobalSection(ExtensibilityGlobals) = postSolution
		SolutionGuid = {ADB06CEE-B569-4C85-83FA-A9F16C5B8DAA}
	EndGlobalSection
EndGlobal
